
Microsoft Visual Studio Solution File, Format Version 12.00
# Visual Studio 15
Project("{FAE04EC0-301F-11D3-BF4B-00C04F79EFBC}") = "Assembly-CSharp", "Assembly-CSharp.csproj", "{9B71FE67-C312-ADE7-3379-E81A63090F04}"
EndProject
Project("{FAE04EC0-301F-11D3-BF4B-00C04F79EFBC}") = "Unity.XR.Interaction.Toolkit.Samples.StarterAssets", "Unity.XR.Interaction.Toolkit.Samples.StarterAssets.csproj", "{2825C07F-85FF-AF67-530D-969696101B84}"
EndProject
Project("{FAE04EC0-301F-11D3-BF4B-00C04F79EFBC}") = "Unity.XR.Interaction.Toolkit.Samples.Hands", "Unity.XR.Interaction.Toolkit.Samples.Hands.csproj", "{D9F2AE6B-49B1-8E2C-6545-8DF3BAB95EE5}"
EndProject
Project("{FAE04EC0-301F-11D3-BF4B-00C04F79EFBC}") = "Unity.XR.Hands.Samples.VisualizerSample", "Unity.XR.Hands.Samples.VisualizerSample.csproj", "{D1C75D99-A935-9971-0D63-26EDE8BDFBD7}"
EndProject
Project("{FAE04EC0-301F-11D3-BF4B-00C04F79EFBC}") = "Unity.XR.Management.Samples", "Unity.XR.Management.Samples.csproj", "{8534B239-FB3E-BA54-F905-2FF4D7273981}"
EndProject
Project("{FAE04EC0-301F-11D3-BF4B-00C04F79EFBC}") = "Unity.XR.Management.Samples.Editor", "Unity.XR.Management.Samples.Editor.csproj", "{A22CCBD3-4770-C4E6-572E-AA58E146C58C}"
EndProject
Project("{FAE04EC0-301F-11D3-BF4B-00C04F79EFBC}") = "Unity.XR.Interaction.Toolkit.Samples.Hands.Editor", "Unity.XR.Interaction.Toolkit.Samples.Hands.Editor.csproj", "{23B5CD41-83FB-ADB3-AA32-D85574121692}"
EndProject
Global
	GlobalSection(SolutionConfigurationPlatforms) = preSolution
		Debug|Any CPU = Debug|Any CPU
		Release|Any CPU = Release|Any CPU
	EndGlobalSection
	GlobalSection(ProjectConfigurationPlatforms) = postSolution
		{9B71FE67-C312-ADE7-3379-E81A63090F04}.Debug|Any CPU.ActiveCfg = Debug|Any CPU
		{9B71FE67-C312-ADE7-3379-E81A63090F04}.Debug|Any CPU.Build.0 = Debug|Any CPU
		{9B71FE67-C312-ADE7-3379-E81A63090F04}.Release|Any CPU.ActiveCfg = Release|Any CPU
		{9B71FE67-C312-ADE7-3379-E81A63090F04}.Release|Any CPU.Build.0 = Release|Any CPU
		{2825C07F-85FF-AF67-530D-969696101B84}.Debug|Any CPU.ActiveCfg = Debug|Any CPU
		{2825C07F-85FF-AF67-530D-969696101B84}.Debug|Any CPU.Build.0 = Debug|Any CPU
		{2825C07F-85FF-AF67-530D-969696101B84}.Release|Any CPU.ActiveCfg = Release|Any CPU
		{2825C07F-85FF-AF67-530D-969696101B84}.Release|Any CPU.Build.0 = Release|Any CPU
		{D9F2AE6B-49B1-8E2C-6545-8DF3BAB95EE5}.Debug|Any CPU.ActiveCfg = Debug|Any CPU
		{D9F2AE6B-49B1-8E2C-6545-8DF3BAB95EE5}.Debug|Any CPU.Build.0 = Debug|Any CPU
		{D9F2AE6B-49B1-8E2C-6545-8DF3BAB95EE5}.Release|Any CPU.ActiveCfg = Release|Any CPU
		{D9F2AE6B-49B1-8E2C-6545-8DF3BAB95EE5}.Release|Any CPU.Build.0 = Release|Any CPU
		{D1C75D99-A935-9971-0D63-26EDE8BDFBD7}.Debug|Any CPU.ActiveCfg = Debug|Any CPU
		{D1C75D99-A935-9971-0D63-26EDE8BDFBD7}.Debug|Any CPU.Build.0 = Debug|Any CPU
		{D1C75D99-A935-9971-0D63-26EDE8BDFBD7}.Release|Any CPU.ActiveCfg = Release|Any CPU
		{D1C75D99-A935-9971-0D63-26EDE8BDFBD7}.Release|Any CPU.Build.0 = Release|Any CPU
		{8534B239-FB3E-BA54-F905-2FF4D7273981}.Debug|Any CPU.ActiveCfg = Debug|Any CPU
		{8534B239-FB3E-BA54-F905-2FF4D7273981}.Debug|Any CPU.Build.0 = Debug|Any CPU
		{8534B239-FB3E-BA54-F905-2FF4D7273981}.Release|Any CPU.ActiveCfg = Release|Any CPU
		{8534B239-FB3E-BA54-F905-2FF4D7273981}.Release|Any CPU.Build.0 = Release|Any CPU
		{A22CCBD3-4770-C4E6-572E-AA58E146C58C}.Debug|Any CPU.ActiveCfg = Debug|Any CPU
		{A22CCBD3-4770-C4E6-572E-AA58E146C58C}.Debug|Any CPU.Build.0 = Debug|Any CPU
		{A22CCBD3-4770-C4E6-572E-AA58E146C58C}.Release|Any CPU.ActiveCfg = Release|Any CPU
		{A22CCBD3-4770-C4E6-572E-AA58E146C58C}.Release|Any CPU.Build.0 = Release|Any CPU
		{23B5CD41-83FB-ADB3-AA32-D85574121692}.Debug|Any CPU.ActiveCfg = Debug|Any CPU
		{23B5CD41-83FB-ADB3-AA32-D85574121692}.Debug|Any CPU.Build.0 = Debug|Any CPU
		{23B5CD41-83FB-ADB3-AA32-D85574121692}.Release|Any CPU.ActiveCfg = Release|Any CPU
		{23B5CD41-83FB-ADB3-AA32-D85574121692}.Release|Any CPU.Build.0 = Release|Any CPU
	EndGlobalSection
	GlobalSection(SolutionProperties) = preSolution
		HideSolutionNode = FALSE
	EndGlobalSection
EndGlobal
